
Microsoft Visual Studio Solution File, Format Version 12.00
# Visual Studio Version 17
VisualStudioVersion = 17.1.32328.378
MinimumVisualStudioVersion = 10.0.40219.1
Project("{FAE04EC0-301F-11D3-BF4B-00C04F79EFBC}") = "Task_2", "Task_2\Task_2.csproj", "{7BD12AFE-39FE-401B-A5DC-07A32C3BDAEF}"
EndProject
Global
	GlobalSection(SolutionConfigurationPlatforms) = preSolution
		Debug|Any CPU = Debug|Any CPU
		Release|Any CPU = Release|Any CPU
	EndGlobalSection
	GlobalSection(ProjectConfigurationPlatforms) = postSolution
		{7BD12AFE-39FE-401B-A5DC-07A32C3BDAEF}.Debug|Any CPU.ActiveCfg = Debug|Any CPU
		{7BD12AFE-39FE-401B-A5DC-07A32C3BDAEF}.Debug|Any CPU.Build.0 = Debug|Any CPU
		{7BD12AFE-39FE-401B-A5DC-07A32C3BDAEF}.Release|Any CPU.ActiveCfg = Release|Any CPU
		{7BD12AFE-39FE-401B-A5DC-07A32C3BDAEF}.Release|Any CPU.Build.0 = Release|Any CPU
	EndGlobalSection
	GlobalSection(SolutionProperties) = preSolution
		HideSolutionNode = FALSE
	EndGlobalSection
	GlobalSection(ExtensibilityGlobals) = postSolution
		SolutionGuid = {6AFE8B6F-DECB-46B6-AAAA-EBFE308DA5DD}
	EndGlobalSection
EndGlobal
